<?xml version="1.0" encoding="utf-8"?>
<Project ToolsVersion="4.0" xmlns="http://schemas.microsoft.com/developer/msbuild/2003">
  <ItemGroup>
    <Filter Include="Header">
      <UniqueIdentifier>{93995380-89BD-4b04-88EB-625FBE52EBFB}</UniqueIdentifier>
      <Extensions>h;hh;hpp;hxx;hm;inl;inc;ipp;xsd</Extensions>
    </Filter>
    <Filter Include="Source">
      <UniqueIdentifier>{4FC737F1-C7A5-4376-A066-2A32D752A2FF}</UniqueIdentifier>
      <Extensions>cpp;c;cc;cxx;def;odl;idl;hpj;bat;asm;asmx</Extensions>
    </Filter>
    <Filter Include="Shader">
      <UniqueIdentifier>{2badac65-4223-4853-acd7-4fa9f135cc75}</UniqueIdentifier>
    </Filter>
  </ItemGroup>
  <ItemGroup>
    <ClInclude Include="input.h">
      <Filter>Header</Filter>
    </ClInclude>
    <ClInclude Include="main.h">
      <Filter>Header</Filter>
    </ClInclude>
    <ClInclude Include="player.h">
      <Filter>Header</Filter>
    </ClInclude>
    <ClInclude Include="camera.h">
      <Filter>Header</Filter>
    </ClInclude>
    <ClInclude Include="model.h">
      <Filter>Header</Filter>
    </ClInclude>
    <ClInclude Include="renderer.h">
      <Filter>Header</Filter>
    </ClInclude>
    <ClInclude Include="enemy.h">
      <Filter>Header</Filter>
    </ClInclude>
    <ClInclude Include="light.h">
      <Filter>Header</Filter>
    </ClInclude>
    <ClInclude Include="meshfield.h">
      <Filter>Header</Filter>
    </ClInclude>
    <ClInclude Include="debugproc.h">
      <Filter>Header</Filter>
    </ClInclude>
    <ClInclude Include="meshwall.h">
      <Filter>Header</Filter>
    </ClInclude>
    <ClInclude Include="collision.h">
      <Filter>Header</Filter>
    </ClInclude>
    <ClInclude Include="bullet.h">
      <Filter>Header</Filter>
    </ClInclude>
    <ClInclude Include="score.h">
      <Filter>Header</Filter>
    </ClInclude>
    <ClInclude Include="sprite.h">
      <Filter>Header</Filter>
    </ClInclude>
    <ClInclude Include="sound.h">
      <Filter>Header</Filter>
    </ClInclude>
    <ClInclude Include="particle.h">
      <Filter>Header</Filter>
    </ClInclude>
    <ClInclude Include="title.h">
      <Filter>Header</Filter>
    </ClInclude>
    <ClInclude Include="result.h">
      <Filter>Header</Filter>
    </ClInclude>
    <ClInclude Include="fade.h">
      <Filter>Header</Filter>
    </ClInclude>
    <ClInclude Include="game.h">
      <Filter>Header</Filter>
    </ClInclude>
    <ClInclude Include="tutorial.h">
      <Filter>Header</Filter>
    </ClInclude>
    <ClInclude Include="weapon.h">
      <Filter>Header</Filter>
    </ClInclude>
    <ClInclude Include="MathHelper.h">
      <Filter>Header</Filter>
    </ClInclude>
    <ClInclude Include="gameUI.h">
      <Filter>Header</Filter>
    </ClInclude>
    <ClInclude Include="billboard.h">
      <Filter>Header</Filter>
    </ClInclude>
    <ClInclude Include="item.h">
      <Filter>Header</Filter>
    </ClInclude>
    <ClInclude Include="building.h">
      <Filter>Header</Filter>
    </ClInclude>
    <ClInclude Include="DPSM.h">
      <Filter>Header</Filter>
    </ClInclude>
  </ItemGroup>
  <ItemGroup>
    <ClCompile Include="input.cpp">
      <Filter>Source</Filter>
    </ClCompile>
    <ClCompile Include="main.cpp">
      <Filter>Source</Filter>
    </ClCompile>
    <ClCompile Include="player.cpp">
      <Filter>Source</Filter>
    </ClCompile>
    <ClCompile Include="camera.cpp">
      <Filter>Source</Filter>
    </ClCompile>
    <ClCompile Include="model.cpp">
      <Filter>Source</Filter>
    </ClCompile>
    <ClCompile Include="renderer.cpp">
      <Filter>Source</Filter>
    </ClCompile>
    <ClCompile Include="enemy.cpp">
      <Filter>Source</Filter>
    </ClCompile>
    <ClCompile Include="light.cpp">
      <Filter>Source</Filter>
    </ClCompile>
    <ClCompile Include="meshfield.cpp">
      <Filter>Source</Filter>
    </ClCompile>
    <ClCompile Include="debugproc.cpp">
      <Filter>Source</Filter>
    </ClCompile>
    <ClCompile Include="meshwall.cpp">
      <Filter>Source</Filter>
    </ClCompile>
    <ClCompile Include="collision.cpp">
      <Filter>Source</Filter>
    </ClCompile>
    <ClCompile Include="bullet.cpp">
      <Filter>Source</Filter>
    </ClCompile>
    <ClCompile Include="score.cpp">
      <Filter>Source</Filter>
    </ClCompile>
    <ClCompile Include="sprite.cpp">
      <Filter>Source</Filter>
    </ClCompile>
    <ClCompile Include="sound.cpp">
      <Filter>Source</Filter>
    </ClCompile>
    <ClCompile Include="particle.cpp">
      <Filter>Source</Filter>
    </ClCompile>
    <ClCompile Include="title.cpp">
      <Filter>Source</Filter>
    </ClCompile>
    <ClCompile Include="result.cpp">
      <Filter>Source</Filter>
    </ClCompile>
    <ClCompile Include="fade.cpp">
      <Filter>Source</Filter>
    </ClCompile>
    <ClCompile Include="game.cpp">
      <Filter>Source</Filter>
    </ClCompile>
    <ClCompile Include="tutorial.cpp">
      <Filter>Source</Filter>
    </ClCompile>
    <ClCompile Include="weapon.cpp">
      <Filter>Source</Filter>
    </ClCompile>
    <ClCompile Include="MathHelper.cpp">
      <Filter>Source</Filter>
    </ClCompile>
    <ClCompile Include="gameUI.cpp">
      <Filter>Source</Filter>
    </ClCompile>
    <ClCompile Include="billboard.cpp">
      <Filter>Source</Filter>
    </ClCompile>
    <ClCompile Include="item.cpp">
      <Filter>Source</Filter>
    </ClCompile>
    <ClCompile Include="building.cpp">
      <Filter>Source</Filter>
    </ClCompile>
    <ClCompile Include="DPSM.cpp">
      <Filter>Source</Filter>
    </ClCompile>
  </ItemGroup>
  <ItemGroup>
    <FxCompile Include="shader.hlsl">
      <Filter>Shader</Filter>
    </FxCompile>
  </ItemGroup>
  <ItemGroup>
    <None Include="dpsm.hlsl">
      <Filter>Shader</Filter>
    </None>
  </ItemGroup>
</Project>